
Microsoft Visual Studio Solution File, Format Version 12.00
# Visual Studio Version 17
VisualStudioVersion = 17.6.33829.357
MinimumVisualStudioVersion = 10.0.40219.1
Project("{2150E333-8FDC-42A3-9474-1A3956D46DE8}") = "Tests", "Tests", "{00267947-B920-4E2C-AC8D-1BDE5239905F}"
EndProject
Project("{9A19103F-16F7-4668-BE54-9A1E7A4F7556}") = "OrderManagementSystem.UnitTests", "..\test\OrderManagementSystem.UnitTests\OrderManagementSystem.UnitTests.csproj", "{7B977C80-8362-42D0-A071-43D5BE0EBD9F}"
EndProject
Project("{9A19103F-16F7-4668-BE54-9A1E7A4F7556}") = "OrderManagementSystem.IntegrationTests", "..\test\OrderManagementSystem.IntegrationTests\OrderManagementSystem.IntegrationTests.csproj", "{D7097653-D3C1-48A9-A1AC-FCEFE4771BD4}"
EndProject
Project("{9A19103F-16F7-4668-BE54-9A1E7A4F7556}") = "OrderManagementSystem.WebApi", "OrderManagementSystem.WebApi\OrderManagementSystem.WebApi.csproj", "{404BD8BD-CAAC-49C3-B5E4-C28CD84CCC20}"
EndProject
Project("{9A19103F-16F7-4668-BE54-9A1E7A4F7556}") = "OrderManagementSystem.DataAccess", "OrderManagementSystem.DataAccess\OrderManagementSystem.DataAccess.csproj", "{92000D20-84D0-4424-8FB1-05130AF9A482}"
EndProject
Project("{9A19103F-16F7-4668-BE54-9A1E7A4F7556}") = "OrderManagementSystem.Core", "OrderManagementSystem.Core\OrderManagementSystem.Core.csproj", "{1D71C648-E708-4F6B-9DEB-784B0835DCC7}"
EndProject
Global
	GlobalSection(SolutionConfigurationPlatforms) = preSolution
		Debug|Any CPU = Debug|Any CPU
		Release|Any CPU = Release|Any CPU
	EndGlobalSection
	GlobalSection(ProjectConfigurationPlatforms) = postSolution
		{7B977C80-8362-42D0-A071-43D5BE0EBD9F}.Debug|Any CPU.ActiveCfg = Debug|Any CPU
		{7B977C80-8362-42D0-A071-43D5BE0EBD9F}.Debug|Any CPU.Build.0 = Debug|Any CPU
		{7B977C80-8362-42D0-A071-43D5BE0EBD9F}.Release|Any CPU.ActiveCfg = Release|Any CPU
		{7B977C80-8362-42D0-A071-43D5BE0EBD9F}.Release|Any CPU.Build.0 = Release|Any CPU
		{D7097653-D3C1-48A9-A1AC-FCEFE4771BD4}.Debug|Any CPU.ActiveCfg = Debug|Any CPU
		{D7097653-D3C1-48A9-A1AC-FCEFE4771BD4}.Debug|Any CPU.Build.0 = Debug|Any CPU
		{D7097653-D3C1-48A9-A1AC-FCEFE4771BD4}.Release|Any CPU.ActiveCfg = Release|Any CPU
		{D7097653-D3C1-48A9-A1AC-FCEFE4771BD4}.Release|Any CPU.Build.0 = Release|Any CPU
		{404BD8BD-CAAC-49C3-B5E4-C28CD84CCC20}.Debug|Any CPU.ActiveCfg = Debug|Any CPU
		{404BD8BD-CAAC-49C3-B5E4-C28CD84CCC20}.Debug|Any CPU.Build.0 = Debug|Any CPU
		{404BD8BD-CAAC-49C3-B5E4-C28CD84CCC20}.Release|Any CPU.ActiveCfg = Release|Any CPU
		{404BD8BD-CAAC-49C3-B5E4-C28CD84CCC20}.Release|Any CPU.Build.0 = Release|Any CPU
		{92000D20-84D0-4424-8FB1-05130AF9A482}.Debug|Any CPU.ActiveCfg = Debug|Any CPU
		{92000D20-84D0-4424-8FB1-05130AF9A482}.Debug|Any CPU.Build.0 = Debug|Any CPU
		{92000D20-84D0-4424-8FB1-05130AF9A482}.Release|Any CPU.ActiveCfg = Release|Any CPU
		{92000D20-84D0-4424-8FB1-05130AF9A482}.Release|Any CPU.Build.0 = Release|Any CPU
		{1D71C648-E708-4F6B-9DEB-784B0835DCC7}.Debug|Any CPU.ActiveCfg = Debug|Any CPU
		{1D71C648-E708-4F6B-9DEB-784B0835DCC7}.Debug|Any CPU.Build.0 = Debug|Any CPU
		{1D71C648-E708-4F6B-9DEB-784B0835DCC7}.Release|Any CPU.ActiveCfg = Release|Any CPU
		{1D71C648-E708-4F6B-9DEB-784B0835DCC7}.Release|Any CPU.Build.0 = Release|Any CPU
	EndGlobalSection
	GlobalSection(SolutionProperties) = preSolution
		HideSolutionNode = FALSE
	EndGlobalSection
	GlobalSection(NestedProjects) = preSolution
		{7B977C80-8362-42D0-A071-43D5BE0EBD9F} = {00267947-B920-4E2C-AC8D-1BDE5239905F}
		{D7097653-D3C1-48A9-A1AC-FCEFE4771BD4} = {00267947-B920-4E2C-AC8D-1BDE5239905F}
	EndGlobalSection
	GlobalSection(ExtensibilityGlobals) = postSolution
		SolutionGuid = {0D07702D-6A0A-4E02-8DBC-E0ED388CF0B8}
	EndGlobalSection
EndGlobal
